
Microsoft Visual Studio Solution File, Format Version 12.00
Project("{FAE04EC0-301F-11D3-BF4B-00C04F79EFBC}") = "SwampMonster.Core", "SwampMonster.Core\SwampMonster.Core.csproj", "{3F089E5F-2632-45FC-912B-88D84D033CBA}"
EndProject
Project("{FAE04EC0-301F-11D3-BF4B-00C04F79EFBC}") = "EventSwamp", "EventSwamp\EventSwamp.csproj", "{197B7975-2A9E-4BD0-ADA0-B1B98655721E}"
EndProject
Project("{FAE04EC0-301F-11D3-BF4B-00C04F79EFBC}") = "EventSwamp.CLI", "EventSwamp.CLI\EventSwamp.CLI.csproj", "{8D22AF19-1011-411C-8BBA-771F2F799A60}"
EndProject
Project("{FAE04EC0-301F-11D3-BF4B-00C04F79EFBC}") = "SwampMonster.CLI", "SwampMonster.CLI\SwampMonster.CLI.csproj", "{E1210B11-5E33-4962-98F7-869657A95400}"
EndProject
Project("{FAE04EC0-301F-11D3-BF4B-00C04F79EFBC}") = "CSharpFormat", "CSharpFormat\CSharpFormat.csproj", "{381AE84D-36BB-49DC-9CC5-5282C670A0A1}"
EndProject
Project("{FAE04EC0-301F-11D3-BF4B-00C04F79EFBC}") = "CSharpFormat.CLI", "CSharpFormat.CLI\CSharpFormat.CLI.csproj", "{042304DB-A65D-47C3-8513-E2CBDD0D825A}"
EndProject
Project("{FAE04EC0-301F-11D3-BF4B-00C04F79EFBC}") = "PrismTest", "PrismTest\PrismTest.csproj", "{06DF7C10-2E8F-4F97-97E2-7079FA1C30FC}"
EndProject
Global
	GlobalSection(SolutionConfigurationPlatforms) = preSolution
		Debug|Any CPU = Debug|Any CPU
		Release|Any CPU = Release|Any CPU
	EndGlobalSection
	GlobalSection(ProjectConfigurationPlatforms) = postSolution
		{3F089E5F-2632-45FC-912B-88D84D033CBA}.Debug|Any CPU.ActiveCfg = Debug|Any CPU
		{3F089E5F-2632-45FC-912B-88D84D033CBA}.Debug|Any CPU.Build.0 = Debug|Any CPU
		{3F089E5F-2632-45FC-912B-88D84D033CBA}.Release|Any CPU.ActiveCfg = Release|Any CPU
		{3F089E5F-2632-45FC-912B-88D84D033CBA}.Release|Any CPU.Build.0 = Release|Any CPU
		{197B7975-2A9E-4BD0-ADA0-B1B98655721E}.Debug|Any CPU.ActiveCfg = Debug|Any CPU
		{197B7975-2A9E-4BD0-ADA0-B1B98655721E}.Debug|Any CPU.Build.0 = Debug|Any CPU
		{197B7975-2A9E-4BD0-ADA0-B1B98655721E}.Release|Any CPU.ActiveCfg = Release|Any CPU
		{197B7975-2A9E-4BD0-ADA0-B1B98655721E}.Release|Any CPU.Build.0 = Release|Any CPU
		{8D22AF19-1011-411C-8BBA-771F2F799A60}.Debug|Any CPU.ActiveCfg = Debug|Any CPU
		{8D22AF19-1011-411C-8BBA-771F2F799A60}.Debug|Any CPU.Build.0 = Debug|Any CPU
		{8D22AF19-1011-411C-8BBA-771F2F799A60}.Release|Any CPU.ActiveCfg = Release|Any CPU
		{8D22AF19-1011-411C-8BBA-771F2F799A60}.Release|Any CPU.Build.0 = Release|Any CPU
		{E1210B11-5E33-4962-98F7-869657A95400}.Debug|Any CPU.ActiveCfg = Debug|Any CPU
		{E1210B11-5E33-4962-98F7-869657A95400}.Debug|Any CPU.Build.0 = Debug|Any CPU
		{E1210B11-5E33-4962-98F7-869657A95400}.Release|Any CPU.ActiveCfg = Release|Any CPU
		{E1210B11-5E33-4962-98F7-869657A95400}.Release|Any CPU.Build.0 = Release|Any CPU
		{381AE84D-36BB-49DC-9CC5-5282C670A0A1}.Debug|Any CPU.ActiveCfg = Debug|Any CPU
		{381AE84D-36BB-49DC-9CC5-5282C670A0A1}.Debug|Any CPU.Build.0 = Debug|Any CPU
		{381AE84D-36BB-49DC-9CC5-5282C670A0A1}.Release|Any CPU.ActiveCfg = Release|Any CPU
		{381AE84D-36BB-49DC-9CC5-5282C670A0A1}.Release|Any CPU.Build.0 = Release|Any CPU
		{042304DB-A65D-47C3-8513-E2CBDD0D825A}.Debug|Any CPU.ActiveCfg = Debug|Any CPU
		{042304DB-A65D-47C3-8513-E2CBDD0D825A}.Debug|Any CPU.Build.0 = Debug|Any CPU
		{042304DB-A65D-47C3-8513-E2CBDD0D825A}.Release|Any CPU.ActiveCfg = Release|Any CPU
		{042304DB-A65D-47C3-8513-E2CBDD0D825A}.Release|Any CPU.Build.0 = Release|Any CPU
		{06DF7C10-2E8F-4F97-97E2-7079FA1C30FC}.Debug|Any CPU.ActiveCfg = Debug|Any CPU
		{06DF7C10-2E8F-4F97-97E2-7079FA1C30FC}.Debug|Any CPU.Build.0 = Debug|Any CPU
		{06DF7C10-2E8F-4F97-97E2-7079FA1C30FC}.Release|Any CPU.ActiveCfg = Release|Any CPU
		{06DF7C10-2E8F-4F97-97E2-7079FA1C30FC}.Release|Any CPU.Build.0 = Release|Any CPU
	EndGlobalSection
EndGlobal
